
Microsoft Visual Studio Solution File, Format Version 12.00
# Visual Studio Version 17
VisualStudioVersion = 17.0.31903.59
MinimumVisualStudioVersion = 10.0.40219.1
Project("{2150E333-8FDC-42A3-9474-1A3956D46DE8}") = "src", "src", "{827E0CD3-B72D-47B6-A68D-7590B98EB39B}"
EndProject
Project("{FAE04EC0-301F-11D3-BF4B-00C04F79EFBC}") = "CoverBouncer.Core", "src\CoverBouncer.Core\CoverBouncer.Core.csproj", "{84B0E949-14E8-4658-887B-8E5C3DEB448A}"
EndProject
Project("{FAE04EC0-301F-11D3-BF4B-00C04F79EFBC}") = "CoverBouncer.Coverlet", "src\CoverBouncer.Coverlet\CoverBouncer.Coverlet.csproj", "{5A89345F-0B77-4F54-A557-4488F7823997}"
EndProject
Project("{FAE04EC0-301F-11D3-BF4B-00C04F79EFBC}") = "CoverBouncer.CLI", "src\CoverBouncer.CLI\CoverBouncer.CLI.csproj", "{54C7E2CD-5E39-4AEA-926E-3066BA3D0D82}"
EndProject
Project("{FAE04EC0-301F-11D3-BF4B-00C04F79EFBC}") = "CoverBouncer.MSBuild", "src\CoverBouncer.MSBuild\CoverBouncer.MSBuild.csproj", "{EBC02AB8-1134-461D-B5A8-C9E493934BB4}"
EndProject
Project("{FAE04EC0-301F-11D3-BF4B-00C04F79EFBC}") = "CoverBouncer.Core.Tests", "tests\CoverBouncer.Core.Tests\CoverBouncer.Core.Tests.csproj", "{43E69C14-234B-40E2-A45F-AD6C05B8E3E6}"
EndProject
Project("{FAE04EC0-301F-11D3-BF4B-00C04F79EFBC}") = "CoverBouncer.Coverlet.Tests", "tests\CoverBouncer.Coverlet.Tests\CoverBouncer.Coverlet.Tests.csproj", "{01F938A4-59D4-4DD0-B54C-4E11C4EE00B6}"
EndProject
Project("{FAE04EC0-301F-11D3-BF4B-00C04F79EFBC}") = "CoverBouncer.Integration.Tests", "tests\CoverBouncer.Integration.Tests\CoverBouncer.Integration.Tests.csproj", "{698B2EF7-E8BB-438E-8D76-699EB67BD2B0}"
EndProject
Global
	GlobalSection(SolutionConfigurationPlatforms) = preSolution
		Debug|Any CPU = Debug|Any CPU
		Debug|x64 = Debug|x64
		Debug|x86 = Debug|x86
		Release|Any CPU = Release|Any CPU
		Release|x64 = Release|x64
		Release|x86 = Release|x86
	EndGlobalSection
	GlobalSection(ProjectConfigurationPlatforms) = postSolution
		{84B0E949-14E8-4658-887B-8E5C3DEB448A}.Debug|Any CPU.ActiveCfg = Debug|Any CPU
		{84B0E949-14E8-4658-887B-8E5C3DEB448A}.Debug|Any CPU.Build.0 = Debug|Any CPU
		{84B0E949-14E8-4658-887B-8E5C3DEB448A}.Debug|x64.ActiveCfg = Debug|Any CPU
		{84B0E949-14E8-4658-887B-8E5C3DEB448A}.Debug|x64.Build.0 = Debug|Any CPU
		{84B0E949-14E8-4658-887B-8E5C3DEB448A}.Debug|x86.ActiveCfg = Debug|Any CPU
		{84B0E949-14E8-4658-887B-8E5C3DEB448A}.Debug|x86.Build.0 = Debug|Any CPU
		{84B0E949-14E8-4658-887B-8E5C3DEB448A}.Release|Any CPU.ActiveCfg = Release|Any CPU
		{84B0E949-14E8-4658-887B-8E5C3DEB448A}.Release|Any CPU.Build.0 = Release|Any CPU
		{84B0E949-14E8-4658-887B-8E5C3DEB448A}.Release|x64.ActiveCfg = Release|Any CPU
		{84B0E949-14E8-4658-887B-8E5C3DEB448A}.Release|x64.Build.0 = Release|Any CPU
		{84B0E949-14E8-4658-887B-8E5C3DEB448A}.Release|x86.ActiveCfg = Release|Any CPU
		{84B0E949-14E8-4658-887B-8E5C3DEB448A}.Release|x86.Build.0 = Release|Any CPU
		{5A89345F-0B77-4F54-A557-4488F7823997}.Debug|Any CPU.ActiveCfg = Debug|Any CPU
		{5A89345F-0B77-4F54-A557-4488F7823997}.Debug|Any CPU.Build.0 = Debug|Any CPU
		{5A89345F-0B77-4F54-A557-4488F7823997}.Debug|x64.ActiveCfg = Debug|Any CPU
		{5A89345F-0B77-4F54-A557-4488F7823997}.Debug|x64.Build.0 = Debug|Any CPU
		{5A89345F-0B77-4F54-A557-4488F7823997}.Debug|x86.ActiveCfg = Debug|Any CPU
		{5A89345F-0B77-4F54-A557-4488F7823997}.Debug|x86.Build.0 = Debug|Any CPU
		{5A89345F-0B77-4F54-A557-4488F7823997}.Release|Any CPU.ActiveCfg = Release|Any CPU
		{5A89345F-0B77-4F54-A557-4488F7823997}.Release|Any CPU.Build.0 = Release|Any CPU
		{5A89345F-0B77-4F54-A557-4488F7823997}.Release|x64.ActiveCfg = Release|Any CPU
		{5A89345F-0B77-4F54-A557-4488F7823997}.Release|x64.Build.0 = Release|Any CPU
		{5A89345F-0B77-4F54-A557-4488F7823997}.Release|x86.ActiveCfg = Release|Any CPU
		{5A89345F-0B77-4F54-A557-4488F7823997}.Release|x86.Build.0 = Release|Any CPU
		{54C7E2CD-5E39-4AEA-926E-3066BA3D0D82}.Debug|Any CPU.ActiveCfg = Debug|Any CPU
		{54C7E2CD-5E39-4AEA-926E-3066BA3D0D82}.Debug|Any CPU.Build.0 = Debug|Any CPU
		{54C7E2CD-5E39-4AEA-926E-3066BA3D0D82}.Debug|x64.ActiveCfg = Debug|Any CPU
		{54C7E2CD-5E39-4AEA-926E-3066BA3D0D82}.Debug|x64.Build.0 = Debug|Any CPU
		{54C7E2CD-5E39-4AEA-926E-3066BA3D0D82}.Debug|x86.ActiveCfg = Debug|Any CPU
		{54C7E2CD-5E39-4AEA-926E-3066BA3D0D82}.Debug|x86.Build.0 = Debug|Any CPU
		{54C7E2CD-5E39-4AEA-926E-3066BA3D0D82}.Release|Any CPU.ActiveCfg = Release|Any CPU
		{54C7E2CD-5E39-4AEA-926E-3066BA3D0D82}.Release|Any CPU.Build.0 = Release|Any CPU
		{54C7E2CD-5E39-4AEA-926E-3066BA3D0D82}.Release|x64.ActiveCfg = Release|Any CPU
		{54C7E2CD-5E39-4AEA-926E-3066BA3D0D82}.Release|x64.Build.0 = Release|Any CPU
		{54C7E2CD-5E39-4AEA-926E-3066BA3D0D82}.Release|x86.ActiveCfg = Release|Any CPU
		{54C7E2CD-5E39-4AEA-926E-3066BA3D0D82}.Release|x86.Build.0 = Release|Any CPU
		{EBC02AB8-1134-461D-B5A8-C9E493934BB4}.Debug|Any CPU.ActiveCfg = Debug|Any CPU
		{EBC02AB8-1134-461D-B5A8-C9E493934BB4}.Debug|Any CPU.Build.0 = Debug|Any CPU
		{EBC02AB8-1134-461D-B5A8-C9E493934BB4}.Debug|x64.ActiveCfg = Debug|Any CPU
		{EBC02AB8-1134-461D-B5A8-C9E493934BB4}.Debug|x64.Build.0 = Debug|Any CPU
		{EBC02AB8-1134-461D-B5A8-C9E493934BB4}.Debug|x86.ActiveCfg = Debug|Any CPU
		{EBC02AB8-1134-461D-B5A8-C9E493934BB4}.Debug|x86.Build.0 = Debug|Any CPU
		{EBC02AB8-1134-461D-B5A8-C9E493934BB4}.Release|Any CPU.ActiveCfg = Release|Any CPU
		{EBC02AB8-1134-461D-B5A8-C9E493934BB4}.Release|Any CPU.Build.0 = Release|Any CPU
		{EBC02AB8-1134-461D-B5A8-C9E493934BB4}.Release|x64.ActiveCfg = Release|Any CPU
		{EBC02AB8-1134-461D-B5A8-C9E493934BB4}.Release|x64.Build.0 = Release|Any CPU
		{EBC02AB8-1134-461D-B5A8-C9E493934BB4}.Release|x86.ActiveCfg = Release|Any CPU
		{EBC02AB8-1134-461D-B5A8-C9E493934BB4}.Release|x86.Build.0 = Release|Any CPU
		{43E69C14-234B-40E2-A45F-AD6C05B8E3E6}.Debug|Any CPU.ActiveCfg = Debug|Any CPU
		{43E69C14-234B-40E2-A45F-AD6C05B8E3E6}.Debug|Any CPU.Build.0 = Debug|Any CPU
		{43E69C14-234B-40E2-A45F-AD6C05B8E3E6}.Debug|x64.ActiveCfg = Debug|Any CPU
		{43E69C14-234B-40E2-A45F-AD6C05B8E3E6}.Debug|x64.Build.0 = Debug|Any CPU
		{43E69C14-234B-40E2-A45F-AD6C05B8E3E6}.Debug|x86.ActiveCfg = Debug|Any CPU
		{43E69C14-234B-40E2-A45F-AD6C05B8E3E6}.Debug|x86.Build.0 = Debug|Any CPU
		{43E69C14-234B-40E2-A45F-AD6C05B8E3E6}.Release|Any CPU.ActiveCfg = Release|Any CPU
		{43E69C14-234B-40E2-A45F-AD6C05B8E3E6}.Release|Any CPU.Build.0 = Release|Any CPU
		{43E69C14-234B-40E2-A45F-AD6C05B8E3E6}.Release|x64.ActiveCfg = Release|Any CPU
		{43E69C14-234B-40E2-A45F-AD6C05B8E3E6}.Release|x64.Build.0 = Release|Any CPU
		{43E69C14-234B-40E2-A45F-AD6C05B8E3E6}.Release|x86.ActiveCfg = Release|Any CPU
		{43E69C14-234B-40E2-A45F-AD6C05B8E3E6}.Release|x86.Build.0 = Release|Any CPU
		{01F938A4-59D4-4DD0-B54C-4E11C4EE00B6}.Debug|Any CPU.ActiveCfg = Debug|Any CPU
		{01F938A4-59D4-4DD0-B54C-4E11C4EE00B6}.Debug|Any CPU.Build.0 = Debug|Any CPU
		{01F938A4-59D4-4DD0-B54C-4E11C4EE00B6}.Debug|x64.ActiveCfg = Debug|Any CPU
		{01F938A4-59D4-4DD0-B54C-4E11C4EE00B6}.Debug|x64.Build.0 = Debug|Any CPU
		{01F938A4-59D4-4DD0-B54C-4E11C4EE00B6}.Debug|x86.ActiveCfg = Debug|Any CPU
		{01F938A4-59D4-4DD0-B54C-4E11C4EE00B6}.Debug|x86.Build.0 = Debug|Any CPU
		{01F938A4-59D4-4DD0-B54C-4E11C4EE00B6}.Release|Any CPU.ActiveCfg = Release|Any CPU
		{01F938A4-59D4-4DD0-B54C-4E11C4EE00B6}.Release|Any CPU.Build.0 = Release|Any CPU
		{01F938A4-59D4-4DD0-B54C-4E11C4EE00B6}.Release|x64.ActiveCfg = Release|Any CPU
		{01F938A4-59D4-4DD0-B54C-4E11C4EE00B6}.Release|x64.Build.0 = Release|Any CPU
		{01F938A4-59D4-4DD0-B54C-4E11C4EE00B6}.Release|x86.ActiveCfg = Release|Any CPU
		{01F938A4-59D4-4DD0-B54C-4E11C4EE00B6}.Release|x86.Build.0 = Release|Any CPU
		{698B2EF7-E8BB-438E-8D76-699EB67BD2B0}.Debug|Any CPU.ActiveCfg = Debug|Any CPU
		{698B2EF7-E8BB-438E-8D76-699EB67BD2B0}.Debug|Any CPU.Build.0 = Debug|Any CPU
		{698B2EF7-E8BB-438E-8D76-699EB67BD2B0}.Debug|x64.ActiveCfg = Debug|Any CPU
		{698B2EF7-E8BB-438E-8D76-699EB67BD2B0}.Debug|x64.Build.0 = Debug|Any CPU
		{698B2EF7-E8BB-438E-8D76-699EB67BD2B0}.Debug|x86.ActiveCfg = Debug|Any CPU
		{698B2EF7-E8BB-438E-8D76-699EB67BD2B0}.Debug|x86.Build.0 = Debug|Any CPU
		{698B2EF7-E8BB-438E-8D76-699EB67BD2B0}.Release|Any CPU.ActiveCfg = Release|Any CPU
		{698B2EF7-E8BB-438E-8D76-699EB67BD2B0}.Release|Any CPU.Build.0 = Release|Any CPU
		{698B2EF7-E8BB-438E-8D76-699EB67BD2B0}.Release|x64.ActiveCfg = Release|Any CPU
		{698B2EF7-E8BB-438E-8D76-699EB67BD2B0}.Release|x64.Build.0 = Release|Any CPU
		{698B2EF7-E8BB-438E-8D76-699EB67BD2B0}.Release|x86.ActiveCfg = Release|Any CPU
		{698B2EF7-E8BB-438E-8D76-699EB67BD2B0}.Release|x86.Build.0 = Release|Any CPU
	EndGlobalSection
	GlobalSection(SolutionProperties) = preSolution
		HideSolutionNode = FALSE
	EndGlobalSection
	GlobalSection(NestedProjects) = preSolution
		{84B0E949-14E8-4658-887B-8E5C3DEB448A} = {827E0CD3-B72D-47B6-A68D-7590B98EB39B}
		{5A89345F-0B77-4F54-A557-4488F7823997} = {827E0CD3-B72D-47B6-A68D-7590B98EB39B}
		{54C7E2CD-5E39-4AEA-926E-3066BA3D0D82} = {827E0CD3-B72D-47B6-A68D-7590B98EB39B}
		{EBC02AB8-1134-461D-B5A8-C9E493934BB4} = {827E0CD3-B72D-47B6-A68D-7590B98EB39B}
		{43E69C14-234B-40E2-A45F-AD6C05B8E3E6} = {827E0CD3-B72D-47B6-A68D-7590B98EB39B}
		{01F938A4-59D4-4DD0-B54C-4E11C4EE00B6} = {827E0CD3-B72D-47B6-A68D-7590B98EB39B}
		{698B2EF7-E8BB-438E-8D76-699EB67BD2B0} = {827E0CD3-B72D-47B6-A68D-7590B98EB39B}
	EndGlobalSection
EndGlobal
